{
  "lockfileVersion": 1,
  "workspaces": {
    "": {
      "dependencies": {
        "daisyui": "^5.5.11",
        "tailwindcss": "^4.1.17",
      },
    },
  },
  "packages": {
    "daisyui": ["daisyui@5.5.11", "", {}, "sha512-xQ1JIgYbhKe9DKhFtOWAKf91F1mK3HECa5xoINmSHMqW9KjEP+yOWttTN1K7zOwuDmk68CbovCDbMKLVtDmPBQ=="],

    "tailwindcss": ["tailwindcss@4.1.17", "", {}, "sha512-j9Ee2YjuQqYT9bbRTfTZht9W/ytp5H+jJpZKiYdP/bpnXARAuELt9ofP0lPnmHjbga7SNQIxdTAXCmtKVYjN+Q=="],
  }
}
